// !$*UTF8*$!
{
	archiveVersion = 1;
	classes = {
	};
	objectVersion = 46;
	objects = {

/* Begin PBXBuildFile section */
		6C00630D1633B09200C73879 /* glyphicons_055_stopwatch.png in Resources */ = {isa = PBXBuildFile; fileRef = 6C00630C1633B09200C73879 /* glyphicons_055_stopwatch.png */; };
		6C0063101633B11500C73879 /* glyphicons_023_cogwheels.png in Resources */ = {isa = PBXBuildFile; fileRef = 6C00630F1633B11500C73879 /* glyphicons_023_cogwheels.png */; };
		6C0063121633B44200C73879 /* glyphicons_023_cogwheels@2x.png in Resources */ = {isa = PBXBuildFile; fileRef = 6C0063111633B44200C73879 /* glyphicons_023_cogwheels@2x.png */; };
		6C0063141633B45000C73879 /* glyphicons_055_stopwatch@2x.png in Resources */ = {isa = PBXBuildFile; fileRef = 6C0063131633B45000C73879 /* glyphicons_055_stopwatch@2x.png */; };
		6C0063171633B4F600C73879 /* SettingsViewController.m in Sources */ = {isa = PBXBuildFile; fileRef = 6C0063161633B4F600C73879 /* SettingsViewController.m */; };
		6C7CE4521617D18700C077C4 /* UIKit.framework in Frameworks */ = {isa = PBXBuildFile; fileRef = 6C7CE4511617D18700C077C4 /* UIKit.framework */; };
		6C7CE4541617D18700C077C4 /* Foundation.framework in Frameworks */ = {isa = PBXBuildFile; fileRef = 6C7CE4531617D18700C077C4 /* Foundation.framework */; };
		6C7CE4561617D18700C077C4 /* CoreGraphics.framework in Frameworks */ = {isa = PBXBuildFile; fileRef = 6C7CE4551617D18700C077C4 /* CoreGraphics.framework */; };
		6C7CE45C1617D18700C077C4 /* InfoPlist.strings in Resources */ = {isa = PBXBuildFile; fileRef = 6C7CE45A1617D18700C077C4 /* InfoPlist.strings */; };
		6C7CE45E1617D18700C077C4 /* main.m in Sources */ = {isa = PBXBuildFile; fileRef = 6C7CE45D1617D18700C077C4 /* main.m */; };
		6C7CE4621617D18700C077C4 /* AppDelegate.m in Sources */ = {isa = PBXBuildFile; fileRef = 6C7CE4611617D18700C077C4 /* AppDelegate.m */; };
		6C7CE46B1617D18800C077C4 /* MainStoryboard.storyboard in Resources */ = {isa = PBXBuildFile; fileRef = 6C7CE4691617D18800C077C4 /* MainStoryboard.storyboard */; };
		6C7CE46E1617D18800C077C4 /* ViewController.m in Sources */ = {isa = PBXBuildFile; fileRef = 6C7CE46D1617D18800C077C4 /* ViewController.m */; };
		6C847AF117E683B400D81F38 /* Images.xcassets in Resources */ = {isa = PBXBuildFile; fileRef = 6C847AF017E683B400D81F38 /* Images.xcassets */; };
		6C907B9A1643A0EE00E0D851 /* AVFoundation.framework in Frameworks */ = {isa = PBXBuildFile; fileRef = 6C907B991643A0EE00E0D851 /* AVFoundation.framework */; };
		6C907BA01643A67C00E0D851 /* alert.mp3 in Resources */ = {isa = PBXBuildFile; fileRef = 6C907B9F1643A67C00E0D851 /* alert.mp3 */; };
		6C982FBE1618065300AA2E27 /* blackButton.png in Resources */ = {isa = PBXBuildFile; fileRef = 6C982FB21618065300AA2E27 /* blackButton.png */; };
		6C982FBF1618065300AA2E27 /* blackButton@2x.png in Resources */ = {isa = PBXBuildFile; fileRef = 6C982FB31618065300AA2E27 /* blackButton@2x.png */; };
		6C982FC01618065300AA2E27 /* blackButtonHighlight.png in Resources */ = {isa = PBXBuildFile; fileRef = 6C982FB41618065300AA2E27 /* blackButtonHighlight.png */; };
		6C982FC11618065300AA2E27 /* blackButtonHighlight@2x.png in Resources */ = {isa = PBXBuildFile; fileRef = 6C982FB51618065300AA2E27 /* blackButtonHighlight@2x.png */; };
		6C982FC21618065300AA2E27 /* greenButton.png in Resources */ = {isa = PBXBuildFile; fileRef = 6C982FB61618065300AA2E27 /* greenButton.png */; };
		6C982FC31618065300AA2E27 /* greenButton@2x.png in Resources */ = {isa = PBXBuildFile; fileRef = 6C982FB71618065300AA2E27 /* greenButton@2x.png */; };
		6C982FC41618065300AA2E27 /* greenButtonHighlight.png in Resources */ = {isa = PBXBuildFile; fileRef = 6C982FB81618065300AA2E27 /* greenButtonHighlight.png */; };
		6C982FC51618065300AA2E27 /* greenButtonHighlight@2x.png in Resources */ = {isa = PBXBuildFile; fileRef = 6C982FB91618065300AA2E27 /* greenButtonHighlight@2x.png */; };
		6C982FC61618065300AA2E27 /* orangeButton.png in Resources */ = {isa = PBXBuildFile; fileRef = 6C982FBA1618065300AA2E27 /* orangeButton.png */; };
		6C982FC71618065300AA2E27 /* orangeButton@2x.png in Resources */ = {isa = PBXBuildFile; fileRef = 6C982FBB1618065300AA2E27 /* orangeButton@2x.png */; };
		6C982FC81618065300AA2E27 /* orangeButtonHighlight.png in Resources */ = {isa = PBXBuildFile; fileRef = 6C982FBC1618065300AA2E27 /* orangeButtonHighlight.png */; };
		6C982FC91618065300AA2E27 /* orangeButtonHighlight@2x.png in Resources */ = {isa = PBXBuildFile; fileRef = 6C982FBD1618065300AA2E27 /* orangeButtonHighlight@2x.png */; };
		6C982FCF161833D700AA2E27 /* blueButton.png in Resources */ = {isa = PBXBuildFile; fileRef = 6C982FCB161833D700AA2E27 /* blueButton.png */; };
		6C982FD0161833D700AA2E27 /* blueButton@2x.png in Resources */ = {isa = PBXBuildFile; fileRef = 6C982FCC161833D700AA2E27 /* blueButton@2x.png */; };
		6C982FD1161833D700AA2E27 /* blueButtonHighlight.png in Resources */ = {isa = PBXBuildFile; fileRef = 6C982FCD161833D700AA2E27 /* blueButtonHighlight.png */; };
		6C982FD2161833D700AA2E27 /* blueButtonHighlight@2x.png in Resources */ = {isa = PBXBuildFile; fileRef = 6C982FCE161833D700AA2E27 /* blueButtonHighlight@2x.png */; };
		6C9F14DE164242100072B4CF /* Utilities.m in Sources */ = {isa = PBXBuildFile; fileRef = 6C9F14DD164242100072B4CF /* Utilities.m */; };
		6C9FD73D161AD48200D30F34 /* Default.png in Resources */ = {isa = PBXBuildFile; fileRef = 6C9FD73C161AD48200D30F34 /* Default.png */; };
		6C9FD73F161AD4A900D30F34 /* Default@2x.png in Resources */ = {isa = PBXBuildFile; fileRef = 6C9FD73E161AD4A900D30F34 /* Default@2x.png */; };
		6C9FD741161AD4E100D30F34 /* Default-568h@2x.png in Resources */ = {isa = PBXBuildFile; fileRef = 6C9FD740161AD4E100D30F34 /* Default-568h@2x.png */; };
		6CC914B21782780300203E13 /* dingling.mp3 in Resources */ = {isa = PBXBuildFile; fileRef = 6CC914B11782780300203E13 /* dingling.mp3 */; };
		6CE0D67E164252840000AFCC /* TimerViewController.m in Sources */ = {isa = PBXBuildFile; fileRef = 6CE0D67D164252840000AFCC /* TimerViewController.m */; };
		6CE0D681164256F70000AFCC /* glyphicons_053_alarm.png in Resources */ = {isa = PBXBuildFile; fileRef = 6CE0D67F164256F70000AFCC /* glyphicons_053_alarm.png */; };
		6CE0D682164256F70000AFCC /* glyphicons_053_alarm@2x.png in Resources */ = {isa = PBXBuildFile; fileRef = 6CE0D680164256F70000AFCC /* glyphicons_053_alarm@2x.png */; };
		9D1B4B0DD9C64CCDB2D2CC2B /* libPods.a in Frameworks */ = {isa = PBXBuildFile; fileRef = 45637C7533534D629E6BD468 /* libPods.a */; };
/* End PBXBuildFile section */

/* Begin PBXFileReference section */
		45637C7533534D629E6BD468 /* libPods.a */ = {isa = PBXFileReference; explicitFileType = archive.ar; includeInIndex = 0; path = libPods.a; sourceTree = BUILT_PRODUCTS_DIR; };
		6C00630C1633B09200C73879 /* glyphicons_055_stopwatch.png */ = {isa = PBXFileReference; lastKnownFileType = image.png; path = glyphicons_055_stopwatch.png; sourceTree = "<group>"; };
		6C00630F1633B11500C73879 /* glyphicons_023_cogwheels.png */ = {isa = PBXFileReference; lastKnownFileType = image.png; path = glyphicons_023_cogwheels.png; sourceTree = "<group>"; };
		6C0063111633B44200C73879 /* glyphicons_023_cogwheels@2x.png */ = {isa = PBXFileReference; lastKnownFileType = image.png; path = "glyphicons_023_cogwheels@2x.png"; sourceTree = "<group>"; };
		6C0063131633B45000C73879 /* glyphicons_055_stopwatch@2x.png */ = {isa = PBXFileReference; lastKnownFileType = image.png; path = "glyphicons_055_stopwatch@2x.png"; sourceTree = "<group>"; };
		6C0063151633B4F600C73879 /* SettingsViewController.h */ = {isa = PBXFileReference; fileEncoding = 4; lastKnownFileType = sourcecode.c.h; path = SettingsViewController.h; sourceTree = "<group>"; };
		6C0063161633B4F600C73879 /* SettingsViewController.m */ = {isa = PBXFileReference; fileEncoding = 4; lastKnownFileType = sourcecode.c.objc; path = SettingsViewController.m; sourceTree = "<group>"; };
		6C7CE44D1617D18700C077C4 /* Stopwatch.app */ = {isa = PBXFileReference; explicitFileType = wrapper.application; includeInIndex = 0; path = Stopwatch.app; sourceTree = BUILT_PRODUCTS_DIR; };
		6C7CE4511617D18700C077C4 /* UIKit.framework */ = {isa = PBXFileReference; lastKnownFileType = wrapper.framework; name = UIKit.framework; path = System/Library/Frameworks/UIKit.framework; sourceTree = SDKROOT; };
		6C7CE4531617D18700C077C4 /* Foundation.framework */ = {isa = PBXFileReference; lastKnownFileType = wrapper.framework; name = Foundation.framework; path = System/Library/Frameworks/Foundation.framework; sourceTree = SDKROOT; };
		6C7CE4551617D18700C077C4 /* CoreGraphics.framework */ = {isa = PBXFileReference; lastKnownFileType = wrapper.framework; name = CoreGraphics.framework; path = System/Library/Frameworks/CoreGraphics.framework; sourceTree = SDKROOT; };
		6C7CE4591617D18700C077C4 /* Stopwatch-Info.plist */ = {isa = PBXFileReference; lastKnownFileType = text.plist.xml; path = "Stopwatch-Info.plist"; sourceTree = "<group>"; };
		6C7CE45B1617D18700C077C4 /* en */ = {isa = PBXFileReference; lastKnownFileType = text.plist.strings; name = en; path = en.lproj/InfoPlist.strings; sourceTree = "<group>"; };
		6C7CE45D1617D18700C077C4 /* main.m */ = {isa = PBXFileReference; lastKnownFileType = sourcecode.c.objc; path = main.m; sourceTree = "<group>"; };
		6C7CE45F1617D18700C077C4 /* Stopwatch-Prefix.pch */ = {isa = PBXFileReference; lastKnownFileType = sourcecode.c.h; path = "Stopwatch-Prefix.pch"; sourceTree = "<group>"; };
		6C7CE4601617D18700C077C4 /* AppDelegate.h */ = {isa = PBXFileReference; lastKnownFileType = sourcecode.c.h; path = AppDelegate.h; sourceTree = "<group>"; };
		6C7CE4611617D18700C077C4 /* AppDelegate.m */ = {isa = PBXFileReference; lastKnownFileType = sourcecode.c.objc; path = AppDelegate.m; sourceTree = "<group>"; };
		6C7CE46A1617D18800C077C4 /* en */ = {isa = PBXFileReference; lastKnownFileType = file.storyboard; name = en; path = en.lproj/MainStoryboard.storyboard; sourceTree = "<group>"; };
		6C7CE46C1617D18800C077C4 /* ViewController.h */ = {isa = PBXFileReference; lastKnownFileType = sourcecode.c.h; path = ViewController.h; sourceTree = "<group>"; };
		6C7CE46D1617D18800C077C4 /* ViewController.m */ = {isa = PBXFileReference; lastKnownFileType = sourcecode.c.objc; path = ViewController.m; sourceTree = "<group>"; };
		6C847AF017E683B400D81F38 /* Images.xcassets */ = {isa = PBXFileReference; lastKnownFileType = folder.assetcatalog; path = Images.xcassets; sourceTree = "<group>"; };
		6C907B991643A0EE00E0D851 /* AVFoundation.framework */ = {isa = PBXFileReference; lastKnownFileType = wrapper.framework; name = AVFoundation.framework; path = System/Library/Frameworks/AVFoundation.framework; sourceTree = SDKROOT; };
		6C907B9F1643A67C00E0D851 /* alert.mp3 */ = {isa = PBXFileReference; lastKnownFileType = audio.mp3; path = alert.mp3; sourceTree = "<group>"; };
		6C982FB21618065300AA2E27 /* blackButton.png */ = {isa = PBXFileReference; lastKnownFileType = image.png; path = blackButton.png; sourceTree = "<group>"; };
		6C982FB31618065300AA2E27 /* blackButton@2x.png */ = {isa = PBXFileReference; lastKnownFileType = image.png; path = "blackButton@2x.png"; sourceTree = "<group>"; };
		6C982FB41618065300AA2E27 /* blackButtonHighlight.png */ = {isa = PBXFileReference; lastKnownFileType = image.png; path = blackButtonHighlight.png; sourceTree = "<group>"; };
		6C982FB51618065300AA2E27 /* blackButtonHighlight@2x.png */ = {isa = PBXFileReference; lastKnownFileType = image.png; path = "blackButtonHighlight@2x.png"; sourceTree = "<group>"; };
		6C982FB61618065300AA2E27 /* greenButton.png */ = {isa = PBXFileReference; lastKnownFileType = image.png; path = greenButton.png; sourceTree = "<group>"; };
		6C982FB71618065300AA2E27 /* greenButton@2x.png */ = {isa = PBXFileReference; lastKnownFileType = image.png; path = "greenButton@2x.png"; sourceTree = "<group>"; };
		6C982FB81618065300AA2E27 /* greenButtonHighlight.png */ = {isa = PBXFileReference; lastKnownFileType = image.png; path = greenButtonHighlight.png; sourceTree = "<group>"; };
		6C982FB91618065300AA2E27 /* greenButtonHighlight@2x.png */ = {isa = PBXFileReference; lastKnownFileType = image.png; path = "greenButtonHighlight@2x.png"; sourceTree = "<group>"; };
		6C982FBA1618065300AA2E27 /* orangeButton.png */ = {isa = PBXFileReference; lastKnownFileType = image.png; path = orangeButton.png; sourceTree = "<group>"; };
		6C982FBB1618065300AA2E27 /* orangeButton@2x.png */ = {isa = PBXFileReference; lastKnownFileType = image.png; path = "orangeButton@2x.png"; sourceTree = "<group>"; };
		6C982FBC1618065300AA2E27 /* orangeButtonHighlight.png */ = {isa = PBXFileReference; lastKnownFileType = image.png; path = orangeButtonHighlight.png; sourceTree = "<group>"; };
		6C982FBD1618065300AA2E27 /* orangeButtonHighlight@2x.png */ = {isa = PBXFileReference; lastKnownFileType = image.png; path = "orangeButtonHighlight@2x.png"; sourceTree = "<group>"; };
		6C982FCB161833D700AA2E27 /* blueButton.png */ = {isa = PBXFileReference; lastKnownFileType = image.png; path = blueButton.png; sourceTree = "<group>"; };
		6C982FCC161833D700AA2E27 /* blueButton@2x.png */ = {isa = PBXFileReference; lastKnownFileType = image.png; path = "blueButton@2x.png"; sourceTree = "<group>"; };
		6C982FCD161833D700AA2E27 /* blueButtonHighlight.png */ = {isa = PBXFileReference; lastKnownFileType = image.png; path = blueButtonHighlight.png; sourceTree = "<group>"; };
		6C982FCE161833D700AA2E27 /* blueButtonHighlight@2x.png */ = {isa = PBXFileReference; lastKnownFileType = image.png; path = "blueButtonHighlight@2x.png"; sourceTree = "<group>"; };
		6C9F14DC164242100072B4CF /* Utilities.h */ = {isa = PBXFileReference; fileEncoding = 4; lastKnownFileType = sourcecode.c.h; path = Utilities.h; sourceTree = "<group>"; };
		6C9F14DD164242100072B4CF /* Utilities.m */ = {isa = PBXFileReference; fileEncoding = 4; lastKnownFileType = sourcecode.c.objc; path = Utilities.m; sourceTree = "<group>"; };
		6C9FD73C161AD48200D30F34 /* Default.png */ = {isa = PBXFileReference; lastKnownFileType = image.png; name = Default.png; path = ../Default.png; sourceTree = "<group>"; };
		6C9FD73E161AD4A900D30F34 /* Default@2x.png */ = {isa = PBXFileReference; lastKnownFileType = image.png; name = "Default@2x.png"; path = "../Default@2x.png"; sourceTree = "<group>"; };
		6C9FD740161AD4E100D30F34 /* Default-568h@2x.png */ = {isa = PBXFileReference; lastKnownFileType = image.png; name = "Default-568h@2x.png"; path = "../Default-568h@2x.png"; sourceTree = "<group>"; };
		6CC914B11782780300203E13 /* dingling.mp3 */ = {isa = PBXFileReference; lastKnownFileType = audio.mp3; path = dingling.mp3; sourceTree = "<group>"; };
		6CE0D67C164252840000AFCC /* TimerViewController.h */ = {isa = PBXFileReference; fileEncoding = 4; lastKnownFileType = sourcecode.c.h; path = TimerViewController.h; sourceTree = "<group>"; };
		6CE0D67D164252840000AFCC /* TimerViewController.m */ = {isa = PBXFileReference; fileEncoding = 4; lastKnownFileType = sourcecode.c.objc; path = TimerViewController.m; sourceTree = "<group>"; };
		6CE0D67F164256F70000AFCC /* glyphicons_053_alarm.png */ = {isa = PBXFileReference; lastKnownFileType = image.png; path = glyphicons_053_alarm.png; sourceTree = "<group>"; };
		6CE0D680164256F70000AFCC /* glyphicons_053_alarm@2x.png */ = {isa = PBXFileReference; lastKnownFileType = image.png; path = "glyphicons_053_alarm@2x.png"; sourceTree = "<group>"; };
		6CEC764417E681A700287E55 /* icon_stopwatch@57.png */ = {isa = PBXFileReference; lastKnownFileType = image.png; name = "icon_stopwatch@57.png"; path = "../icon_stopwatch@57.png"; sourceTree = "<group>"; };
		6CEC764517E681BC00287E55 /* icon_stopwatch@114.png */ = {isa = PBXFileReference; lastKnownFileType = image.png; name = "icon_stopwatch@114.png"; path = "../icon_stopwatch@114.png"; sourceTree = "<group>"; };
		6CEC764617E681C700287E55 /* icon_stopwatch@120.png */ = {isa = PBXFileReference; lastKnownFileType = image.png; name = "icon_stopwatch@120.png"; path = "../icon_stopwatch@120.png"; sourceTree = "<group>"; };
		EFA00C5FB63246FCB96801DE /* Pods.xcconfig */ = {isa = PBXFileReference; includeInIndex = 1; lastKnownFileType = text.xcconfig; name = Pods.xcconfig; path = Pods/Pods.xcconfig; sourceTree = SOURCE_ROOT; };
/* End PBXFileReference section */

/* Begin PBXFrameworksBuildPhase section */
		6C7CE44A1617D18700C077C4 /* Frameworks */ = {
			isa = PBXFrameworksBuildPhase;
			buildActionMask = 2147483647;
			files = (
				6C907B9A1643A0EE00E0D851 /* AVFoundation.framework in Frameworks */,
				6C7CE4521617D18700C077C4 /* UIKit.framework in Frameworks */,
				6C7CE4541617D18700C077C4 /* Foundation.framework in Frameworks */,
				6C7CE4561617D18700C077C4 /* CoreGraphics.framework in Frameworks */,
				9D1B4B0DD9C64CCDB2D2CC2B /* libPods.a in Frameworks */,
			);
			runOnlyForDeploymentPostprocessing = 0;
		};
/* End PBXFrameworksBuildPhase section */

/* Begin PBXGroup section */
		6C7CE4421617D18700C077C4 = {
			isa = PBXGroup;
			children = (
				6C7CE4571617D18700C077C4 /* Stopwatch */,
				6C7CE4501617D18700C077C4 /* Frameworks */,
				6C7CE44E1617D18700C077C4 /* Products */,
				EFA00C5FB63246FCB96801DE /* Pods.xcconfig */,
			);
			sourceTree = "<group>";
		};
		6C7CE44E1617D18700C077C4 /* Products */ = {
			isa = PBXGroup;
			children = (
				6C7CE44D1617D18700C077C4 /* Stopwatch.app */,
			);
			name = Products;
			sourceTree = "<group>";
		};
		6C7CE4501617D18700C077C4 /* Frameworks */ = {
			isa = PBXGroup;
			children = (
				6C907B991643A0EE00E0D851 /* AVFoundation.framework */,
				6C7CE4511617D18700C077C4 /* UIKit.framework */,
				6C7CE4531617D18700C077C4 /* Foundation.framework */,
				6C7CE4551617D18700C077C4 /* CoreGraphics.framework */,
				45637C7533534D629E6BD468 /* libPods.a */,
			);
			name = Frameworks;
			sourceTree = "<group>";
		};
		6C7CE4571617D18700C077C4 /* Stopwatch */ = {
			isa = PBXGroup;
			children = (
				6C7CE4601617D18700C077C4 /* AppDelegate.h */,
				6C7CE4611617D18700C077C4 /* AppDelegate.m */,
				6C7CE4691617D18800C077C4 /* MainStoryboard.storyboard */,
				6C7CE46C1617D18800C077C4 /* ViewController.h */,
				6C7CE46D1617D18800C077C4 /* ViewController.m */,
				6C0063151633B4F600C73879 /* SettingsViewController.h */,
				6C0063161633B4F600C73879 /* SettingsViewController.m */,
				6CE0D67C164252840000AFCC /* TimerViewController.h */,
				6CE0D67D164252840000AFCC /* TimerViewController.m */,
				6C9F14DC164242100072B4CF /* Utilities.h */,
				6C9F14DD164242100072B4CF /* Utilities.m */,
				6C847AF017E683B400D81F38 /* Images.xcassets */,
				6C7CE4581617D18700C077C4 /* Supporting Files */,
			);
			path = Stopwatch;
			sourceTree = "<group>";
		};
		6C7CE4581617D18700C077C4 /* Supporting Files */ = {
			isa = PBXGroup;
			children = (
				6CEC764617E681C700287E55 /* icon_stopwatch@120.png */,
				6CEC764517E681BC00287E55 /* icon_stopwatch@114.png */,
				6CEC764417E681A700287E55 /* icon_stopwatch@57.png */,
				6CC914B11782780300203E13 /* dingling.mp3 */,
				6C907B9F1643A67C00E0D851 /* alert.mp3 */,
				6CE0D67F164256F70000AFCC /* glyphicons_053_alarm.png */,
				6CE0D680164256F70000AFCC /* glyphicons_053_alarm@2x.png */,
				6C00630F1633B11500C73879 /* glyphicons_023_cogwheels.png */,
				6C0063111633B44200C73879 /* glyphicons_023_cogwheels@2x.png */,
				6C00630C1633B09200C73879 /* glyphicons_055_stopwatch.png */,
				6C0063131633B45000C73879 /* glyphicons_055_stopwatch@2x.png */,
				6C9FD740161AD4E100D30F34 /* Default-568h@2x.png */,
				6C9FD73E161AD4A900D30F34 /* Default@2x.png */,
				6C9FD73C161AD48200D30F34 /* Default.png */,
				6C982FCB161833D700AA2E27 /* blueButton.png */,
				6C982FCC161833D700AA2E27 /* blueButton@2x.png */,
				6C982FCD161833D700AA2E27 /* blueButtonHighlight.png */,
				6C982FCE161833D700AA2E27 /* blueButtonHighlight@2x.png */,
				6C982FB21618065300AA2E27 /* blackButton.png */,
				6C982FB31618065300AA2E27 /* blackButton@2x.png */,
				6C982FB41618065300AA2E27 /* blackButtonHighlight.png */,
				6C982FB51618065300AA2E27 /* blackButtonHighlight@2x.png */,
				6C982FB61618065300AA2E27 /* greenButton.png */,
				6C982FB71618065300AA2E27 /* greenButton@2x.png */,
				6C982FB81618065300AA2E27 /* greenButtonHighlight.png */,
				6C982FB91618065300AA2E27 /* greenButtonHighlight@2x.png */,
				6C982FBA1618065300AA2E27 /* orangeButton.png */,
				6C982FBB1618065300AA2E27 /* orangeButton@2x.png */,
				6C982FBC1618065300AA2E27 /* orangeButtonHighlight.png */,
				6C982FBD1618065300AA2E27 /* orangeButtonHighlight@2x.png */,
				6C7CE4591617D18700C077C4 /* Stopwatch-Info.plist */,
				6C7CE45A1617D18700C077C4 /* InfoPlist.strings */,
				6C7CE45D1617D18700C077C4 /* main.m */,
				6C7CE45F1617D18700C077C4 /* Stopwatch-Prefix.pch */,
			);
			name = "Supporting Files";
			sourceTree = "<group>";
		};
/* End PBXGroup section */

/* Begin PBXNativeTarget section */
		6C7CE44C1617D18700C077C4 /* Stopwatch */ = {
			isa = PBXNativeTarget;
			buildConfigurationList = 6C7CE4711617D18800C077C4 /* Build configuration list for PBXNativeTarget "Stopwatch" */;
			buildPhases = (
				69C5149D115241B5AA486929 /* Check Pods Manifest.lock */,
				6C7CE4491617D18700C077C4 /* Sources */,
				6C7CE44A1617D18700C077C4 /* Frameworks */,
				6C7CE44B1617D18700C077C4 /* Resources */,
				3C6A5F83FB0B44DA83558B44 /* Copy Pods Resources */,
			);
			buildRules = (
			);
			dependencies = (
			);
			name = Stopwatch;
			productName = Stopwatch;
			productReference = 6C7CE44D1617D18700C077C4 /* Stopwatch.app */;
			productType = "com.apple.product-type.application";
		};
/* End PBXNativeTarget section */

/* Begin PBXProject section */
		6C7CE4441617D18700C077C4 /* Project object */ = {
			isa = PBXProject;
			attributes = {
				LastUpgradeCheck = 0500;
				ORGANIZATIONNAME = "Andrew Wu";
			};
			buildConfigurationList = 6C7CE4471617D18700C077C4 /* Build configuration list for PBXProject "Stopwatch" */;
			compatibilityVersion = "Xcode 3.2";
			developmentRegion = English;
			hasScannedForEncodings = 0;
			knownRegions = (
				en,
			);
			mainGroup = 6C7CE4421617D18700C077C4;
			productRefGroup = 6C7CE44E1617D18700C077C4 /* Products */;
			projectDirPath = "";
			projectRoot = "";
			targets = (
				6C7CE44C1617D18700C077C4 /* Stopwatch */,
			);
		};
/* End PBXProject section */

/* Begin PBXResourcesBuildPhase section */
		6C7CE44B1617D18700C077C4 /* Resources */ = {
			isa = PBXResourcesBuildPhase;
			buildActionMask = 2147483647;
			files = (
				6C7CE45C1617D18700C077C4 /* InfoPlist.strings in Resources */,
				6C7CE46B1617D18800C077C4 /* MainStoryboard.storyboard in Resources */,
				6C982FBE1618065300AA2E27 /* blackButton.png in Resources */,
				6C982FBF1618065300AA2E27 /* blackButton@2x.png in Resources */,
				6C982FC01618065300AA2E27 /* blackButtonHighlight.png in Resources */,
				6C982FC11618065300AA2E27 /* blackButtonHighlight@2x.png in Resources */,
				6C982FC21618065300AA2E27 /* greenButton.png in Resources */,
				6C982FC31618065300AA2E27 /* greenButton@2x.png in Resources */,
				6C982FC41618065300AA2E27 /* greenButtonHighlight.png in Resources */,
				6C982FC51618065300AA2E27 /* greenButtonHighlight@2x.png in Resources */,
				6C982FC61618065300AA2E27 /* orangeButton.png in Resources */,
				6C982FC71618065300AA2E27 /* orangeButton@2x.png in Resources */,
				6C982FC81618065300AA2E27 /* orangeButtonHighlight.png in Resources */,
				6C982FC91618065300AA2E27 /* orangeButtonHighlight@2x.png in Resources */,
				6C982FCF161833D700AA2E27 /* blueButton.png in Resources */,
				6C982FD0161833D700AA2E27 /* blueButton@2x.png in Resources */,
				6C982FD1161833D700AA2E27 /* blueButtonHighlight.png in Resources */,
				6C982FD2161833D700AA2E27 /* blueButtonHighlight@2x.png in Resources */,
				6C9FD73D161AD48200D30F34 /* Default.png in Resources */,
				6C9FD73F161AD4A900D30F34 /* Default@2x.png in Resources */,
				6C9FD741161AD4E100D30F34 /* Default-568h@2x.png in Resources */,
				6C847AF117E683B400D81F38 /* Images.xcassets in Resources */,
				6CC914B21782780300203E13 /* dingling.mp3 in Resources */,
				6C00630D1633B09200C73879 /* glyphicons_055_stopwatch.png in Resources */,
				6C0063101633B11500C73879 /* glyphicons_023_cogwheels.png in Resources */,
				6C0063121633B44200C73879 /* glyphicons_023_cogwheels@2x.png in Resources */,
				6C0063141633B45000C73879 /* glyphicons_055_stopwatch@2x.png in Resources */,
				6CE0D681164256F70000AFCC /* glyphicons_053_alarm.png in Resources */,
				6CE0D682164256F70000AFCC /* glyphicons_053_alarm@2x.png in Resources */,
				6C907BA01643A67C00E0D851 /* alert.mp3 in Resources */,
			);
			runOnlyForDeploymentPostprocessing = 0;
		};
/* End PBXResourcesBuildPhase section */

/* Begin PBXShellScriptBuildPhase section */
		3C6A5F83FB0B44DA83558B44 /* Copy Pods Resources */ = {
			isa = PBXShellScriptBuildPhase;
			buildActionMask = 2147483647;
			files = (
			);
			inputPaths = (
			);
			name = "Copy Pods Resources";
			outputPaths = (
			);
			runOnlyForDeploymentPostprocessing = 0;
			shellPath = /bin/sh;
			shellScript = "\"${SRCROOT}/Pods/Pods-resources.sh\"\n";
		};
		69C5149D115241B5AA486929 /* Check Pods Manifest.lock */ = {
			isa = PBXShellScriptBuildPhase;
			buildActionMask = 2147483647;
			files = (
			);
			inputPaths = (
			);
			name = "Check Pods Manifest.lock";
			outputPaths = (
			);
			runOnlyForDeploymentPostprocessing = 0;
			shellPath = /bin/sh;
			shellScript = "diff \"${PODS_ROOT}/../Podfile.lock\" \"${PODS_ROOT}/Manifest.lock\" > /dev/null\nif [[ $? != 0 ]] ; then\n    cat << EOM\nerror: The sandbox is not in sync with the Podfile.lock. Run 'pod install' or update your CocoaPods installation.\nEOM\n    exit 1\nfi\n";
		};
/* End PBXShellScriptBuildPhase section */

/* Begin PBXSourcesBuildPhase section */
		6C7CE4491617D18700C077C4 /* Sources */ = {
			isa = PBXSourcesBuildPhase;
			buildActionMask = 2147483647;
			files = (
				6C7CE45E1617D18700C077C4 /* main.m in Sources */,
				6C7CE4621617D18700C077C4 /* AppDelegate.m in Sources */,
				6C7CE46E1617D18800C077C4 /* ViewController.m in Sources */,
				6C0063171633B4F600C73879 /* SettingsViewController.m in Sources */,
				6C9F14DE164242100072B4CF /* Utilities.m in Sources */,
				6CE0D67E164252840000AFCC /* TimerViewController.m in Sources */,
			);
			runOnlyForDeploymentPostprocessing = 0;
		};
/* End PBXSourcesBuildPhase section */

/* Begin PBXVariantGroup section */
		6C7CE45A1617D18700C077C4 /* InfoPlist.strings */ = {
			isa = PBXVariantGroup;
			children = (
				6C7CE45B1617D18700C077C4 /* en */,
			);
			name = InfoPlist.strings;
			sourceTree = "<group>";
		};
		6C7CE4691617D18800C077C4 /* MainStoryboard.storyboard */ = {
			isa = PBXVariantGroup;
			children = (
				6C7CE46A1617D18800C077C4 /* en */,
			);
			name = MainStoryboard.storyboard;
			sourceTree = "<group>";
		};
/* End PBXVariantGroup section */

/* Begin XCBuildConfiguration section */
		6C7CE46F1617D18800C077C4 /* Debug */ = {
			isa = XCBuildConfiguration;
			buildSettings = {
				ALWAYS_SEARCH_USER_PATHS = NO;
				CLANG_CXX_LANGUAGE_STANDARD = "gnu++0x";
				CLANG_CXX_LIBRARY = "libc++";
				CLANG_ENABLE_OBJC_ARC = YES;
				CLANG_WARN_EMPTY_BODY = YES;
				CLANG_WARN__DUPLICATE_METHOD_MATCH = YES;
				CODE_SIGN_IDENTITY = "";
				"CODE_SIGN_IDENTITY[sdk=iphoneos*]" = "";
				COPY_PHASE_STRIP = NO;
				GCC_C_LANGUAGE_STANDARD = gnu99;
				GCC_DYNAMIC_NO_PIC = NO;
				GCC_OPTIMIZATION_LEVEL = 0;
				GCC_PREPROCESSOR_DEFINITIONS = (
					"DEBUG=1",
					"$(inherited)",
				);
				GCC_SYMBOLS_PRIVATE_EXTERN = NO;
				GCC_WARN_ABOUT_RETURN_TYPE = YES;
				GCC_WARN_UNINITIALIZED_AUTOS = YES;
				GCC_WARN_UNUSED_VARIABLE = YES;
				IPHONEOS_DEPLOYMENT_TARGET = 6.0;
				ONLY_ACTIVE_ARCH = YES;
				SDKROOT = iphoneos;
			};
			name = Debug;
		};
		6C7CE4701617D18800C077C4 /* Release */ = {
			isa = XCBuildConfiguration;
			buildSettings = {
				ALWAYS_SEARCH_USER_PATHS = NO;
				CLANG_CXX_LANGUAGE_STANDARD = "gnu++0x";
				CLANG_CXX_LIBRARY = "libc++";
				CLANG_ENABLE_OBJC_ARC = YES;
				CLANG_WARN_EMPTY_BODY = YES;
				CLANG_WARN__DUPLICATE_METHOD_MATCH = YES;
				CODE_SIGN_IDENTITY = "";
				"CODE_SIGN_IDENTITY[sdk=iphoneos*]" = "";
				COPY_PHASE_STRIP = YES;
				GCC_C_LANGUAGE_STANDARD = gnu99;
				GCC_WARN_ABOUT_RETURN_TYPE = YES;
				GCC_WARN_UNINITIALIZED_AUTOS = YES;
				GCC_WARN_UNUSED_VARIABLE = YES;
				IPHONEOS_DEPLOYMENT_TARGET = 6.0;
				OTHER_CFLAGS = "-DNS_BLOCK_ASSERTIONS=1";
				SDKROOT = iphoneos;
				VALIDATE_PRODUCT = YES;
			};
			name = Release;
		};
		6C7CE4721617D18800C077C4 /* Debug */ = {
			isa = XCBuildConfiguration;
			baseConfigurationReference = EFA00C5FB63246FCB96801DE /* Pods.xcconfig */;
			buildSettings = {
				ASSETCATALOG_COMPILER_APPICON_NAME = AppIcon;
				ASSETCATALOG_COMPILER_LAUNCHIMAGE_NAME = LaunchImage;
				CODE_SIGN_IDENTITY = "";
				GCC_PRECOMPILE_PREFIX_HEADER = YES;
				GCC_PREFIX_HEADER = "Stopwatch/Stopwatch-Prefix.pch";
				INFOPLIST_FILE = "Stopwatch/Stopwatch-Info.plist";
				PRODUCT_NAME = "$(TARGET_NAME)";
				WRAPPER_EXTENSION = app;
			};
			name = Debug;
		};
		6C7CE4731617D18800C077C4 /* Release */ = {
			isa = XCBuildConfiguration;
			baseConfigurationReference = EFA00C5FB63246FCB96801DE /* Pods.xcconfig */;
			buildSettings = {
				ASSETCATALOG_COMPILER_APPICON_NAME = AppIcon;
				ASSETCATALOG_COMPILER_LAUNCHIMAGE_NAME = LaunchImage;
				CODE_SIGN_IDENTITY = "";
				GCC_PRECOMPILE_PREFIX_HEADER = YES;
				GCC_PREFIX_HEADER = "Stopwatch/Stopwatch-Prefix.pch";
				INFOPLIST_FILE = "Stopwatch/Stopwatch-Info.plist";
				PRODUCT_NAME = "$(TARGET_NAME)";
				WRAPPER_EXTENSION = app;
			};
			name = Release;
		};
/* End XCBuildConfiguration section */

/* Begin XCConfigurationList section */
		6C7CE4471617D18700C077C4 /* Build configuration list for PBXProject "Stopwatch" */ = {
			isa = XCConfigurationList;
			buildConfigurations = (
				6C7CE46F1617D18800C077C4 /* Debug */,
				6C7CE4701617D18800C077C4 /* Release */,
			);
			defaultConfigurationIsVisible = 0;
			defaultConfigurationName = Release;
		};
		6C7CE4711617D18800C077C4 /* Build configuration list for PBXNativeTarget "Stopwatch" */ = {
			isa = XCConfigurationList;
			buildConfigurations = (
				6C7CE4721617D18800C077C4 /* Debug */,
				6C7CE4731617D18800C077C4 /* Release */,
			);
			defaultConfigurationIsVisible = 0;
			defaultConfigurationName = Release;
		};
/* End XCConfigurationList section */
	};
	rootObject = 6C7CE4441617D18700C077C4 /* Project object */;
}
